
Microsoft Visual Studio Solution File, Format Version 12.00
# Visual Studio Version 17
VisualStudioVersion = 17.4.33213.308
MinimumVisualStudioVersion = 10.0.40219.1
Project("{9A19103F-16F7-4668-BE54-9A1E7A4F7556}") = "Serialization", "Serialization\Serialization.csproj", "{1237389D-3553-4773-A4B1-352022048279}"
EndProject
Project("{9A19103F-16F7-4668-BE54-9A1E7A4F7556}") = "Observer", "Observer\Observer.csproj", "{4FB360F4-7E30-49C1-BDDB-FD5E6689BFB8}"
EndProject
Project("{FAE04EC0-301F-11D3-BF4B-00C04F79EFBC}") = "ExamPreparation", "ExamPreparation\ExamPreparation.csproj", "{758B6C6D-419B-48F2-86CD-5F210B325EFD}"
EndProject
Global
	GlobalSection(SolutionConfigurationPlatforms) = preSolution
		Debug|Any CPU = Debug|Any CPU
		Release|Any CPU = Release|Any CPU
	EndGlobalSection
	GlobalSection(ProjectConfigurationPlatforms) = postSolution
		{1237389D-3553-4773-A4B1-352022048279}.Debug|Any CPU.ActiveCfg = Debug|Any CPU
		{1237389D-3553-4773-A4B1-352022048279}.Debug|Any CPU.Build.0 = Debug|Any CPU
		{1237389D-3553-4773-A4B1-352022048279}.Release|Any CPU.ActiveCfg = Release|Any CPU
		{1237389D-3553-4773-A4B1-352022048279}.Release|Any CPU.Build.0 = Release|Any CPU
		{4FB360F4-7E30-49C1-BDDB-FD5E6689BFB8}.Debug|Any CPU.ActiveCfg = Debug|Any CPU
		{4FB360F4-7E30-49C1-BDDB-FD5E6689BFB8}.Debug|Any CPU.Build.0 = Debug|Any CPU
		{4FB360F4-7E30-49C1-BDDB-FD5E6689BFB8}.Release|Any CPU.ActiveCfg = Release|Any CPU
		{4FB360F4-7E30-49C1-BDDB-FD5E6689BFB8}.Release|Any CPU.Build.0 = Release|Any CPU
		{758B6C6D-419B-48F2-86CD-5F210B325EFD}.Debug|Any CPU.ActiveCfg = Debug|Any CPU
		{758B6C6D-419B-48F2-86CD-5F210B325EFD}.Debug|Any CPU.Build.0 = Debug|Any CPU
		{758B6C6D-419B-48F2-86CD-5F210B325EFD}.Release|Any CPU.ActiveCfg = Release|Any CPU
		{758B6C6D-419B-48F2-86CD-5F210B325EFD}.Release|Any CPU.Build.0 = Release|Any CPU
	EndGlobalSection
	GlobalSection(SolutionProperties) = preSolution
		HideSolutionNode = FALSE
	EndGlobalSection
	GlobalSection(ExtensibilityGlobals) = postSolution
		SolutionGuid = {5968B921-F72C-438D-8131-A5F4345B75CC}
	EndGlobalSection
EndGlobal
